
Microsoft Visual Studio Solution File, Format Version 12.00
# Visual Studio Version 16
VisualStudioVersion = 16.0.29709.97
MinimumVisualStudioVersion = 10.0.40219.1
Project("{FAE04EC0-301F-11D3-BF4B-00C04F79EFBC}") = "ClientWeb", "ClientWeb\ClientWeb.csproj", "{28C7377C-0CA2-43FC-99F4-F0DE099C23F2}"
EndProject
Project("{FAE04EC0-301F-11D3-BF4B-00C04F79EFBC}") = "CSSText", "CSSText\CSSText.csproj", "{5E177035-5990-431B-A086-5D46FD96DA2F}"
EndProject
Project("{FAE04EC0-301F-11D3-BF4B-00C04F79EFBC}") = "CSSTable", "CSSTable\CSSTable.csproj", "{BCDDD617-CCE8-40BB-93F3-2444D9D44481}"
EndProject
Project("{FAE04EC0-301F-11D3-BF4B-00C04F79EFBC}") = "CSSForm", "CSSForm\CSSForm.csproj", "{AB3D2CB0-A9D9-4DFE-98AD-B5CB2BB093C9}"
EndProject
Project("{FAE04EC0-301F-11D3-BF4B-00C04F79EFBC}") = "Gabriel", "Gabriel\Gabriel.csproj", "{57D2ABAD-ADF5-440F-AF1A-31057D9D6ACC}"
EndProject
Project("{FAE04EC0-301F-11D3-BF4B-00C04F79EFBC}") = "WorkWithArrays", "WorkWithArrays\WorkWithArrays.csproj", "{B068C709-183F-4372-ABE1-3D548254927A}"
EndProject
Project("{FAE04EC0-301F-11D3-BF4B-00C04F79EFBC}") = "WorkWithObjecs", "WorkWithObjecs\WorkWithObjecs.csproj", "{447A7F05-0D5A-455C-BCC0-491F3CEE77FC}"
EndProject
Project("{FAE04EC0-301F-11D3-BF4B-00C04F79EFBC}") = "ToDoList", "ToDoList\ToDoList.csproj", "{AE19CFA6-386F-435D-B87E-9917BF63DA9E}"
EndProject
Project("{FAE04EC0-301F-11D3-BF4B-00C04F79EFBC}") = "TemperatureConverter", "TemperatureConverter\TemperatureConverter.csproj", "{0303CF47-57E8-4032-A1FD-BF2824479357}"
EndProject
Project("{FAE04EC0-301F-11D3-BF4B-00C04F79EFBC}") = "PhoneBook", "PhoneBook\PhoneBook.csproj", "{25F99688-61DB-44AC-A699-D64FA899DBEB}"
EndProject
Project("{FAE04EC0-301F-11D3-BF4B-00C04F79EFBC}") = "TodoListJQuery", "TodoListJQuery\TodoListJQuery.csproj", "{26F5B845-24B1-4956-B3EA-308B5B30C4CF}"
EndProject
Project("{FAE04EC0-301F-11D3-BF4B-00C04F79EFBC}") = "UnderscoreProject", "UnderscoreProject\UnderscoreProject.csproj", "{75B7C173-6973-47E9-BFD0-FFC6E2AE275E}"
EndProject
Project("{FAE04EC0-301F-11D3-BF4B-00C04F79EFBC}") = "TodoListBootstrap", "TodoListBootstrap\TodoListBootstrap.csproj", "{497FF703-E6F4-4A61-BAEE-6CE9063C97BE}"
EndProject
Global
	GlobalSection(SolutionConfigurationPlatforms) = preSolution
		Debug|Any CPU = Debug|Any CPU
		Release|Any CPU = Release|Any CPU
	EndGlobalSection
	GlobalSection(ProjectConfigurationPlatforms) = postSolution
		{28C7377C-0CA2-43FC-99F4-F0DE099C23F2}.Debug|Any CPU.ActiveCfg = Debug|Any CPU
		{28C7377C-0CA2-43FC-99F4-F0DE099C23F2}.Debug|Any CPU.Build.0 = Debug|Any CPU
		{28C7377C-0CA2-43FC-99F4-F0DE099C23F2}.Release|Any CPU.ActiveCfg = Release|Any CPU
		{28C7377C-0CA2-43FC-99F4-F0DE099C23F2}.Release|Any CPU.Build.0 = Release|Any CPU
		{5E177035-5990-431B-A086-5D46FD96DA2F}.Debug|Any CPU.ActiveCfg = Debug|Any CPU
		{5E177035-5990-431B-A086-5D46FD96DA2F}.Debug|Any CPU.Build.0 = Debug|Any CPU
		{5E177035-5990-431B-A086-5D46FD96DA2F}.Release|Any CPU.ActiveCfg = Release|Any CPU
		{5E177035-5990-431B-A086-5D46FD96DA2F}.Release|Any CPU.Build.0 = Release|Any CPU
		{BCDDD617-CCE8-40BB-93F3-2444D9D44481}.Debug|Any CPU.ActiveCfg = Debug|Any CPU
		{BCDDD617-CCE8-40BB-93F3-2444D9D44481}.Debug|Any CPU.Build.0 = Debug|Any CPU
		{BCDDD617-CCE8-40BB-93F3-2444D9D44481}.Release|Any CPU.ActiveCfg = Release|Any CPU
		{BCDDD617-CCE8-40BB-93F3-2444D9D44481}.Release|Any CPU.Build.0 = Release|Any CPU
		{AB3D2CB0-A9D9-4DFE-98AD-B5CB2BB093C9}.Debug|Any CPU.ActiveCfg = Debug|Any CPU
		{AB3D2CB0-A9D9-4DFE-98AD-B5CB2BB093C9}.Debug|Any CPU.Build.0 = Debug|Any CPU
		{AB3D2CB0-A9D9-4DFE-98AD-B5CB2BB093C9}.Release|Any CPU.ActiveCfg = Release|Any CPU
		{AB3D2CB0-A9D9-4DFE-98AD-B5CB2BB093C9}.Release|Any CPU.Build.0 = Release|Any CPU
		{57D2ABAD-ADF5-440F-AF1A-31057D9D6ACC}.Debug|Any CPU.ActiveCfg = Debug|Any CPU
		{57D2ABAD-ADF5-440F-AF1A-31057D9D6ACC}.Debug|Any CPU.Build.0 = Debug|Any CPU
		{57D2ABAD-ADF5-440F-AF1A-31057D9D6ACC}.Release|Any CPU.ActiveCfg = Release|Any CPU
		{57D2ABAD-ADF5-440F-AF1A-31057D9D6ACC}.Release|Any CPU.Build.0 = Release|Any CPU
		{B068C709-183F-4372-ABE1-3D548254927A}.Debug|Any CPU.ActiveCfg = Debug|Any CPU
		{B068C709-183F-4372-ABE1-3D548254927A}.Debug|Any CPU.Build.0 = Debug|Any CPU
		{B068C709-183F-4372-ABE1-3D548254927A}.Release|Any CPU.ActiveCfg = Release|Any CPU
		{B068C709-183F-4372-ABE1-3D548254927A}.Release|Any CPU.Build.0 = Release|Any CPU
		{447A7F05-0D5A-455C-BCC0-491F3CEE77FC}.Debug|Any CPU.ActiveCfg = Debug|Any CPU
		{447A7F05-0D5A-455C-BCC0-491F3CEE77FC}.Debug|Any CPU.Build.0 = Debug|Any CPU
		{447A7F05-0D5A-455C-BCC0-491F3CEE77FC}.Release|Any CPU.ActiveCfg = Release|Any CPU
		{447A7F05-0D5A-455C-BCC0-491F3CEE77FC}.Release|Any CPU.Build.0 = Release|Any CPU
		{AE19CFA6-386F-435D-B87E-9917BF63DA9E}.Debug|Any CPU.ActiveCfg = Debug|Any CPU
		{AE19CFA6-386F-435D-B87E-9917BF63DA9E}.Debug|Any CPU.Build.0 = Debug|Any CPU
		{AE19CFA6-386F-435D-B87E-9917BF63DA9E}.Release|Any CPU.ActiveCfg = Release|Any CPU
		{AE19CFA6-386F-435D-B87E-9917BF63DA9E}.Release|Any CPU.Build.0 = Release|Any CPU
		{0303CF47-57E8-4032-A1FD-BF2824479357}.Debug|Any CPU.ActiveCfg = Debug|Any CPU
		{0303CF47-57E8-4032-A1FD-BF2824479357}.Debug|Any CPU.Build.0 = Debug|Any CPU
		{0303CF47-57E8-4032-A1FD-BF2824479357}.Release|Any CPU.ActiveCfg = Release|Any CPU
		{0303CF47-57E8-4032-A1FD-BF2824479357}.Release|Any CPU.Build.0 = Release|Any CPU
		{25F99688-61DB-44AC-A699-D64FA899DBEB}.Debug|Any CPU.ActiveCfg = Debug|Any CPU
		{25F99688-61DB-44AC-A699-D64FA899DBEB}.Debug|Any CPU.Build.0 = Debug|Any CPU
		{25F99688-61DB-44AC-A699-D64FA899DBEB}.Release|Any CPU.ActiveCfg = Release|Any CPU
		{25F99688-61DB-44AC-A699-D64FA899DBEB}.Release|Any CPU.Build.0 = Release|Any CPU
		{26F5B845-24B1-4956-B3EA-308B5B30C4CF}.Debug|Any CPU.ActiveCfg = Debug|Any CPU
		{26F5B845-24B1-4956-B3EA-308B5B30C4CF}.Debug|Any CPU.Build.0 = Debug|Any CPU
		{26F5B845-24B1-4956-B3EA-308B5B30C4CF}.Release|Any CPU.ActiveCfg = Release|Any CPU
		{26F5B845-24B1-4956-B3EA-308B5B30C4CF}.Release|Any CPU.Build.0 = Release|Any CPU
		{75B7C173-6973-47E9-BFD0-FFC6E2AE275E}.Debug|Any CPU.ActiveCfg = Debug|Any CPU
		{75B7C173-6973-47E9-BFD0-FFC6E2AE275E}.Debug|Any CPU.Build.0 = Debug|Any CPU
		{75B7C173-6973-47E9-BFD0-FFC6E2AE275E}.Release|Any CPU.ActiveCfg = Release|Any CPU
		{75B7C173-6973-47E9-BFD0-FFC6E2AE275E}.Release|Any CPU.Build.0 = Release|Any CPU
		{497FF703-E6F4-4A61-BAEE-6CE9063C97BE}.Debug|Any CPU.ActiveCfg = Debug|Any CPU
		{497FF703-E6F4-4A61-BAEE-6CE9063C97BE}.Debug|Any CPU.Build.0 = Debug|Any CPU
		{497FF703-E6F4-4A61-BAEE-6CE9063C97BE}.Release|Any CPU.ActiveCfg = Release|Any CPU
		{497FF703-E6F4-4A61-BAEE-6CE9063C97BE}.Release|Any CPU.Build.0 = Release|Any CPU
	EndGlobalSection
	GlobalSection(SolutionProperties) = preSolution
		HideSolutionNode = FALSE
	EndGlobalSection
	GlobalSection(ExtensibilityGlobals) = postSolution
		SolutionGuid = {9A5875E7-437B-403F-8A86-CC5608774EEC}
	EndGlobalSection
EndGlobal
